<?xml version="1.0" encoding="utf-8"?>
<Project ToolsVersion="4.0" xmlns="http://schemas.microsoft.com/developer/msbuild/2003">
  <ItemGroup>
    <Filter Include="源文件">
      <UniqueIdentifier>{4FC737F1-C7A5-4376-A066-2A32D752A2FF}</UniqueIdentifier>
      <Extensions>cpp;c;cc;cxx;def;odl;idl;hpj;bat;asm;asmx</Extensions>
    </Filter>
    <Filter Include="头文件">
      <UniqueIdentifier>{93995380-89BD-4b04-88EB-625FBE52EBFB}</UniqueIdentifier>
      <Extensions>h;hh;hpp;hxx;hm;inl;inc;ipp;xsd</Extensions>
    </Filter>
    <Filter Include="资源文件">
      <UniqueIdentifier>{67DA6AB6-F800-4c08-8B7A-83BB121AAD01}</UniqueIdentifier>
      <Extensions>rc;ico;cur;bmp;dlg;rc2;rct;bin;rgs;gif;jpg;jpeg;jpe;resx;tiff;tif;png;wav;mfcribbon-ms</Extensions>
    </Filter>
    <Filter Include="Shader">
      <UniqueIdentifier>{b405fbb4-f39f-4bf7-b0b5-3032ddccdc30}</UniqueIdentifier>
    </Filter>
  </ItemGroup>
  <ItemGroup>
    <ClCompile Include="main.cpp">
      <Filter>源文件</Filter>
    </ClCompile>
    <ClCompile Include="MxWindow.cpp">
      <Filter>源文件</Filter>
    </ClCompile>
    <ClCompile Include="MxVkBuffer.cpp">
      <Filter>源文件</Filter>
    </ClCompile>
    <ClCompile Include="MxVkCommandPool.cpp">
      <Filter>源文件</Filter>
    </ClCompile>
    <ClCompile Include="MxVkDebug.cpp">
      <Filter>源文件</Filter>
    </ClCompile>
    <ClCompile Include="MxVkDescriptor.cpp">
      <Filter>源文件</Filter>
    </ClCompile>
    <ClCompile Include="MxVkFramebuffer.cpp">
      <Filter>源文件</Filter>
    </ClCompile>
    <ClCompile Include="MxVkImage.cpp">
      <Filter>源文件</Filter>
    </ClCompile>
    <ClCompile Include="MxVkManager.cpp">
      <Filter>源文件</Filter>
    </ClCompile>
    <ClCompile Include="MxVkPipeline.cpp">
      <Filter>源文件</Filter>
    </ClCompile>
    <ClCompile Include="MxVkRenderPass.cpp">
      <Filter>源文件</Filter>
    </ClCompile>
    <ClCompile Include="MxVkSwapchain.cpp">
      <Filter>源文件</Filter>
    </ClCompile>
    <ClCompile Include="MxVkSyncObjectPool.cpp">
      <Filter>源文件</Filter>
    </ClCompile>
    <ClCompile Include="MxVkUtils.cpp">
      <Filter>源文件</Filter>
    </ClCompile>
    <ClCompile Include="MxVkComponent.cpp">
      <Filter>源文件</Filter>
    </ClCompile>
  </ItemGroup>
  <ItemGroup>
    <ClInclude Include="MxWindow.h">
      <Filter>头文件</Filter>
    </ClInclude>
    <ClInclude Include="MxVulkan.h">
      <Filter>头文件</Filter>
    </ClInclude>
    <ClInclude Include="MxVkBuffer.h">
      <Filter>头文件</Filter>
    </ClInclude>
    <ClInclude Include="MxVkCommandPool.h">
      <Filter>头文件</Filter>
    </ClInclude>
    <ClInclude Include="MxVkDebug.h">
      <Filter>头文件</Filter>
    </ClInclude>
    <ClInclude Include="MxVkDescriptor.h">
      <Filter>头文件</Filter>
    </ClInclude>
    <ClInclude Include="MxVkFramebuffer.h">
      <Filter>头文件</Filter>
    </ClInclude>
    <ClInclude Include="MxVkImage.h">
      <Filter>头文件</Filter>
    </ClInclude>
    <ClInclude Include="MxVkManager.h">
      <Filter>头文件</Filter>
    </ClInclude>
    <ClInclude Include="MxVkPipeline.h">
      <Filter>头文件</Filter>
    </ClInclude>
    <ClInclude Include="MxVkRenderPass.h">
      <Filter>头文件</Filter>
    </ClInclude>
    <ClInclude Include="MxVkShader.hpp">
      <Filter>头文件</Filter>
    </ClInclude>
    <ClInclude Include="MxVkSwapchain.h">
      <Filter>头文件</Filter>
    </ClInclude>
    <ClInclude Include="MxVkSyncObjectPool.h">
      <Filter>头文件</Filter>
    </ClInclude>
    <ClInclude Include="MxVkUtils.h">
      <Filter>头文件</Filter>
    </ClInclude>
    <ClInclude Include="MxVkComponent.h">
      <Filter>头文件</Filter>
    </ClInclude>
  </ItemGroup>
  <ItemGroup>
    <None Include="Shader\shader.frag">
      <Filter>Shader</Filter>
    </None>
    <None Include="Shader\shader.vert">
      <Filter>Shader</Filter>
    </None>
  </ItemGroup>
</Project>